
Microsoft Visual Studio Solution File, Format Version 12.00
# Visual Studio Version 17
VisualStudioVersion = 17.0.31903.59
MinimumVisualStudioVersion = 10.0.40219.1
Project("{FAE04EC0-301F-11D3-BF4B-00C04F79EFBC}") = "API", "API\API.csproj", "{81B924FD-EBBA-4ED7-97FB-A549706A83F4}"
EndProject
Project("{FAE04EC0-301F-11D3-BF4B-00C04F79EFBC}") = "Core", "Core\Core.csproj", "{D4B0BB94-E0D7-404F-9554-EDD9D35B3448}"
EndProject
Project("{FAE04EC0-301F-11D3-BF4B-00C04F79EFBC}") = "Infrastructure", "Infrastructure\Infrastructure.csproj", "{B95BE766-3574-4CE7-B30F-199EF31F5E5F}"
EndProject
Global
	GlobalSection(SolutionConfigurationPlatforms) = preSolution
		Debug|Any CPU = Debug|Any CPU
		Release|Any CPU = Release|Any CPU
	EndGlobalSection
	GlobalSection(SolutionProperties) = preSolution
		HideSolutionNode = FALSE
	EndGlobalSection
	GlobalSection(ProjectConfigurationPlatforms) = postSolution
		{81B924FD-EBBA-4ED7-97FB-A549706A83F4}.Debug|Any CPU.ActiveCfg = Debug|Any CPU
		{81B924FD-EBBA-4ED7-97FB-A549706A83F4}.Debug|Any CPU.Build.0 = Debug|Any CPU
		{81B924FD-EBBA-4ED7-97FB-A549706A83F4}.Release|Any CPU.ActiveCfg = Release|Any CPU
		{81B924FD-EBBA-4ED7-97FB-A549706A83F4}.Release|Any CPU.Build.0 = Release|Any CPU
		{D4B0BB94-E0D7-404F-9554-EDD9D35B3448}.Debug|Any CPU.ActiveCfg = Debug|Any CPU
		{D4B0BB94-E0D7-404F-9554-EDD9D35B3448}.Debug|Any CPU.Build.0 = Debug|Any CPU
		{D4B0BB94-E0D7-404F-9554-EDD9D35B3448}.Release|Any CPU.ActiveCfg = Release|Any CPU
		{D4B0BB94-E0D7-404F-9554-EDD9D35B3448}.Release|Any CPU.Build.0 = Release|Any CPU
		{B95BE766-3574-4CE7-B30F-199EF31F5E5F}.Debug|Any CPU.ActiveCfg = Debug|Any CPU
		{B95BE766-3574-4CE7-B30F-199EF31F5E5F}.Debug|Any CPU.Build.0 = Debug|Any CPU
		{B95BE766-3574-4CE7-B30F-199EF31F5E5F}.Release|Any CPU.ActiveCfg = Release|Any CPU
		{B95BE766-3574-4CE7-B30F-199EF31F5E5F}.Release|Any CPU.Build.0 = Release|Any CPU
	EndGlobalSection
EndGlobal
